{
  "name": "slate-react-fork",
  "version": "0.57.1",
  "lockfileVersion": 1,
  "requires": true,
  "dependencies": {
    "@types/direction": {
      "version": "1.0.0",
      "resolved": "https://registry.npmjs.org/@types/direction/-/direction-1.0.0.tgz",
      "integrity": "sha512-et1wmqXm/5smJ8lTJfBnwD12/2Y7eVJLKbuaRT0h2xaKAoo1h8Dz2Io22GObDLFwxY1ddXRTLH3Gq5v44Fl/2w==",
      "dev": true
    }
  }
}
